// !$*UTF8*$!
{
	archiveVersion = 1;
	classes = {
	};
	objectVersion = 50;
	objects = {

/* Begin PBXBuildFile section */
		0273D237DE595BB58DCD44A8 /* CarDetailsContract.swift in Sources */ = {isa = PBXBuildFile; fileRef = 913A1FCE7B6C0549AE41982D /* CarDetailsContract.swift */; };
		07FED1523D01BAED7AE2F26A /* TabBarModuleContract.swift in Sources */ = {isa = PBXBuildFile; fileRef = FC9148B3B1B3BF0FB6CF72BD /* TabBarModuleContract.swift */; };
		22CEF88AC12D5C57A0FF7BF0 /* CalculatorViewController.swift in Sources */ = {isa = PBXBuildFile; fileRef = 840790C2A26611A7D1F7AB95 /* CalculatorViewController.swift */; };
		2A336CA13D6299DB82DDE940 /* CarDetailsViewController.xib in Resources */ = {isa = PBXBuildFile; fileRef = 625492C7807ECBE17A58A2C8 /* CarDetailsViewController.xib */; };
		366325ED10DDEE0C47572702 /* CatalogueTabRouter.swift in Sources */ = {isa = PBXBuildFile; fileRef = B1756698F6CDB3E9C78CE533 /* CatalogueTabRouter.swift */; };
		36F7044695186651F2C0DA83 /* CatalogueTabPresenter.swift in Sources */ = {isa = PBXBuildFile; fileRef = BFC3491EBE4CF122C2DD2A60 /* CatalogueTabPresenter.swift */; };
		42F8EAE4C768CC915ADE2768 /* MainTabPresenter.swift in Sources */ = {isa = PBXBuildFile; fileRef = B3BE03DF47BCA777FA314C81 /* MainTabPresenter.swift */; };
		4792F67A23F636779B1D20A2 /* CalculatorPresenter.swift in Sources */ = {isa = PBXBuildFile; fileRef = 3E8A03B0196C4222F173707A /* CalculatorPresenter.swift */; };
		57FEFD1F4612B1C165ACE7AB /* CatalogueTabInteractor.swift in Sources */ = {isa = PBXBuildFile; fileRef = 90467C6DA707979273B91D16 /* CatalogueTabInteractor.swift */; };
		58F2E80ABAABDBE717526E92 /* MainTabViewController.xib in Resources */ = {isa = PBXBuildFile; fileRef = 420513016BD53E6E2F040D24 /* MainTabViewController.xib */; };
		657EA069C54925BF535260F9 /* TabBarModuleInteractor.swift in Sources */ = {isa = PBXBuildFile; fileRef = 0F0A79B3712B5F42FE792978 /* TabBarModuleInteractor.swift */; };
		6D111D06C2C661C523534D08 /* CalculatorInteractor.swift in Sources */ = {isa = PBXBuildFile; fileRef = 53E39174E18A4A3ED90A38BF /* CalculatorInteractor.swift */; };
		75402D9B16E9A2E27060A34B /* CatalogueTabViewController.swift in Sources */ = {isa = PBXBuildFile; fileRef = D9C8EFE9A06734E3B9A14505 /* CatalogueTabViewController.swift */; };
		75D76757ED1203C786699F62 /* MainTabRouter.swift in Sources */ = {isa = PBXBuildFile; fileRef = D234A8B93D7BB27F719BCF03 /* MainTabRouter.swift */; };
		776F72553AD0904E5677620F /* CalculatorRouter.swift in Sources */ = {isa = PBXBuildFile; fileRef = 5A1AE0E5C8CFDEE3244451EF /* CalculatorRouter.swift */; };
		78571632B67B75B9BA23A344 /* TabBarModuleViewController.xib in Resources */ = {isa = PBXBuildFile; fileRef = 82D430FAAF52C882FDD94E0E /* TabBarModuleViewController.xib */; };
		79E449DB7EF459C352573D9C /* CarDetailsRouter.swift in Sources */ = {isa = PBXBuildFile; fileRef = DF95FCD09A60197DC3AE6400 /* CarDetailsRouter.swift */; };
		7EA3FD0A191DBA71AA9B8384 /* MainTabContract.swift in Sources */ = {isa = PBXBuildFile; fileRef = B2D04C0409B2BB94B821BF1F /* MainTabContract.swift */; };
		8211E93DFC78EEBE9B5F3171 /* CarDetailsPresenter.swift in Sources */ = {isa = PBXBuildFile; fileRef = 29F183179615302CB72F707E /* CarDetailsPresenter.swift */; };
		839A580283F79329D70ADB5B /* MainTabInteractor.swift in Sources */ = {isa = PBXBuildFile; fileRef = 6A5E95CDB78E2C2AF54A02D1 /* MainTabInteractor.swift */; };
		8813AAF64CEBFE167178B88B /* CarDetailsViewController.swift in Sources */ = {isa = PBXBuildFile; fileRef = 4E0DCE8FF0BD3C38566A5731 /* CarDetailsViewController.swift */; };
		8C525C8AAF28EF54A0EE137C /* TabBarModuleRouter.swift in Sources */ = {isa = PBXBuildFile; fileRef = C139392AF07BAA2F6845515D /* TabBarModuleRouter.swift */; };
		9DC9874A632961DF11BE8720 /* CatalogueTabContract.swift in Sources */ = {isa = PBXBuildFile; fileRef = 3C724684E515452B0CD2139C /* CatalogueTabContract.swift */; };
		C3BA480F2532953C006AF156 /* MarketplaceService.swift in Sources */ = {isa = PBXBuildFile; fileRef = C3BA47E62532953C006AF156 /* MarketplaceService.swift */; };
		C3BA48102532953C006AF156 /* CarModel.swift in Sources */ = {isa = PBXBuildFile; fileRef = C3BA47E82532953C006AF156 /* CarModel.swift */; };
		C3BA48112532953C006AF156 /* TransportType.swift in Sources */ = {isa = PBXBuildFile; fileRef = C3BA47E92532953C006AF156 /* TransportType.swift */; };
		C3BA48122532953C006AF156 /* Country.swift in Sources */ = {isa = PBXBuildFile; fileRef = C3BA47EA2532953C006AF156 /* Country.swift */; };
		C3BA48132532953C006AF156 /* Marketplace.swift in Sources */ = {isa = PBXBuildFile; fileRef = C3BA47EB2532953C006AF156 /* Marketplace.swift */; };
		C3BA48142532953C006AF156 /* CarBody.swift in Sources */ = {isa = PBXBuildFile; fileRef = C3BA47EC2532953C006AF156 /* CarBody.swift */; };
		C3BA48152532953C006AF156 /* CarBrand.swift in Sources */ = {isa = PBXBuildFile; fileRef = C3BA47ED2532953C006AF156 /* CarBrand.swift */; };
		C3BA48162532953C006AF156 /* CarBrandOnly.swift in Sources */ = {isa = PBXBuildFile; fileRef = C3BA47EE2532953C006AF156 /* CarBrandOnly.swift */; };
		C3BA48172532953C006AF156 /* CarModelModel.swift in Sources */ = {isa = PBXBuildFile; fileRef = C3BA47EF2532953C006AF156 /* CarModelModel.swift */; };
		C3BA48182532953C006AF156 /* CalculatorService.swift in Sources */ = {isa = PBXBuildFile; fileRef = C3BA47F12532953C006AF156 /* CalculatorService.swift */; };
		C3BA48192532953C006AF156 /* SettingsResponse.swift in Sources */ = {isa = PBXBuildFile; fileRef = C3BA47F42532953C006AF156 /* SettingsResponse.swift */; };
		C3BA481A2532953C006AF156 /* SpecialCondition.swift in Sources */ = {isa = PBXBuildFile; fileRef = C3BA47F52532953C006AF156 /* SpecialCondition.swift */; };
		C3BA481B2532953C006AF156 /* SettingsParameters.swift in Sources */ = {isa = PBXBuildFile; fileRef = C3BA47F62532953C006AF156 /* SettingsParameters.swift */; };
		C3BA481C2532953C006AF156 /* Language.swift in Sources */ = {isa = PBXBuildFile; fileRef = C3BA47F72532953C006AF156 /* Language.swift */; };
		C3BA481D2532953C006AF156 /* ProgramResponse.swift in Sources */ = {isa = PBXBuildFile; fileRef = C3BA47F92532953C006AF156 /* ProgramResponse.swift */; };
		C3BA481E2532953C006AF156 /* CalcResult.swift in Sources */ = {isa = PBXBuildFile; fileRef = C3BA47FA2532953C006AF156 /* CalcResult.swift */; };
		C3BA481F2532953C006AF156 /* Ranges.swift in Sources */ = {isa = PBXBuildFile; fileRef = C3BA47FB2532953C006AF156 /* Ranges.swift */; };
		C3BA48202532953C006AF156 /* Field.swift in Sources */ = {isa = PBXBuildFile; fileRef = C3BA47FC2532953C006AF156 /* Field.swift */; };
		C3BA48212532953C006AF156 /* CalculateParameters.swift in Sources */ = {isa = PBXBuildFile; fileRef = C3BA47FD2532953C006AF156 /* CalculateParameters.swift */; };
		C3BA48222532953C006AF156 /* CalculateResponse.swift in Sources */ = {isa = PBXBuildFile; fileRef = C3BA47FE2532953C006AF156 /* CalculateResponse.swift */; };
		C3BA48232532953C006AF156 /* GraphParameters.swift in Sources */ = {isa = PBXBuildFile; fileRef = C3BA48002532953C006AF156 /* GraphParameters.swift */; };
		C3BA48242532953C006AF156 /* GraphResponse.swift in Sources */ = {isa = PBXBuildFile; fileRef = C3BA48012532953C006AF156 /* GraphResponse.swift */; };
		C3BA48252532953C006AF156 /* Payment.swift in Sources */ = {isa = PBXBuildFile; fileRef = C3BA48022532953C006AF156 /* Payment.swift */; };
		C3BA48262532953C006AF156 /* CarLoanService.swift in Sources */ = {isa = PBXBuildFile; fileRef = C3BA48042532953C006AF156 /* CarLoanService.swift */; };
		C3BA48272532953C006AF156 /* Person.swift in Sources */ = {isa = PBXBuildFile; fileRef = C3BA48062532953C006AF156 /* Person.swift */; };
		C3BA48282532953C006AF156 /* CarLoanParameters.swift in Sources */ = {isa = PBXBuildFile; fileRef = C3BA48072532953C006AF156 /* CarLoanParameters.swift */; };
		C3BA48292532953C006AF156 /* CustomerParty.swift in Sources */ = {isa = PBXBuildFile; fileRef = C3BA48082532953C006AF156 /* CustomerParty.swift */; };
		C3BA482A2532953C006AF156 /* CarLoanResponse.swift in Sources */ = {isa = PBXBuildFile; fileRef = C3BA48092532953C006AF156 /* CarLoanResponse.swift */; };
		C3BA482B2532953C006AF156 /* CarRecognitionService.swift in Sources */ = {isa = PBXBuildFile; fileRef = C3BA480B2532953C006AF156 /* CarRecognitionService.swift */; };
		C3BA482C2532953C006AF156 /* CarRecognitionResponse.swift in Sources */ = {isa = PBXBuildFile; fileRef = C3BA480D2532953C006AF156 /* CarRecognitionResponse.swift */; };
		C3BA482D2532953C006AF156 /* CarImage.swift in Sources */ = {isa = PBXBuildFile; fileRef = C3BA480E2532953C006AF156 /* CarImage.swift */; };
		D869E581998363D62079F981 /* CalculatorContract.swift in Sources */ = {isa = PBXBuildFile; fileRef = BC19DDDA79E060248D6171F9 /* CalculatorContract.swift */; };
		DB3C84C1BB2721274B290AFE /* MainTabViewController.swift in Sources */ = {isa = PBXBuildFile; fileRef = 48731CC43A58E6FBD6140BDA /* MainTabViewController.swift */; };
		E5D5E0524CC3ABE071237469 /* CalculatorViewController.xib in Resources */ = {isa = PBXBuildFile; fileRef = 5455C08A672B62E008686A3D /* CalculatorViewController.xib */; };
		E7C25872555C01A98859EA71 /* CarDetailsInteractor.swift in Sources */ = {isa = PBXBuildFile; fileRef = 102B082262E26EF64C37DEC5 /* CarDetailsInteractor.swift */; };
		F84F7D722531B8A6005F5220 /* DazzleCarouselView.swift in Sources */ = {isa = PBXBuildFile; fileRef = F84F7D712531B8A6005F5220 /* DazzleCarouselView.swift */; };
		F84F7D7B2531B90F005F5220 /* PhotoTextCard.xib in Resources */ = {isa = PBXBuildFile; fileRef = F84F7D7A2531B90F005F5220 /* PhotoTextCard.xib */; };
		F84F7D7F2531B93D005F5220 /* PhotoTextCard.swift in Sources */ = {isa = PBXBuildFile; fileRef = F84F7D7E2531B93D005F5220 /* PhotoTextCard.swift */; };
		F84F7D862531C172005F5220 /* Localizable.strings in Resources */ = {isa = PBXBuildFile; fileRef = F84F7D882531C172005F5220 /* Localizable.strings */; };
		F84F7D8B2531C1A0005F5220 /* StringExtension.swift in Sources */ = {isa = PBXBuildFile; fileRef = F84F7D8A2531C1A0005F5220 /* StringExtension.swift */; };
		F84F7D912531C5AC005F5220 /* FeatureCell.swift in Sources */ = {isa = PBXBuildFile; fileRef = F84F7D8F2531C5AC005F5220 /* FeatureCell.swift */; };
		F84F7D922531C5AC005F5220 /* FeatureCell.xib in Resources */ = {isa = PBXBuildFile; fileRef = F84F7D902531C5AC005F5220 /* FeatureCell.xib */; };
		F84F7D952531C888005F5220 /* MainTabWorker.swift in Sources */ = {isa = PBXBuildFile; fileRef = F84F7D942531C888005F5220 /* MainTabWorker.swift */; };
		F84F7DA12531E1E8005F5220 /* ImageSlideshow.framework in Frameworks */ = {isa = PBXBuildFile; fileRef = F84F7DA02531E1E8005F5220 /* ImageSlideshow.framework */; };
		F84F7DA22531E1E8005F5220 /* ImageSlideshow.framework in Embed Frameworks */ = {isa = PBXBuildFile; fileRef = F84F7DA02531E1E8005F5220 /* ImageSlideshow.framework */; settings = {ATTRIBUTES = (CodeSignOnCopy, RemoveHeadersOnCopy, ); }; };
		F84F7DA92531E865005F5220 /* CarCell.swift in Sources */ = {isa = PBXBuildFile; fileRef = F84F7DA72531E865005F5220 /* CarCell.swift */; };
		F84F7DAA2531E865005F5220 /* CarCell.xib in Resources */ = {isa = PBXBuildFile; fileRef = F84F7DA82531E865005F5220 /* CarCell.xib */; };
		F84F7DAC2531EDB6005F5220 /* KingfisherSource.swift in Sources */ = {isa = PBXBuildFile; fileRef = F84F7DAB2531EDB6005F5220 /* KingfisherSource.swift */; };
		F84F7DAE2531EE7A005F5220 /* CatalogueWorker.swift in Sources */ = {isa = PBXBuildFile; fileRef = F84F7DAD2531EE7A005F5220 /* CatalogueWorker.swift */; };
		F84F7DB22531F09D005F5220 /* Kingfisher.framework in Frameworks */ = {isa = PBXBuildFile; fileRef = F84F7DB12531F09D005F5220 /* Kingfisher.framework */; };
		F87B607A253236D000EB9536 /* CalculatorSeparatorCell.swift in Sources */ = {isa = PBXBuildFile; fileRef = F87B6078253236D000EB9536 /* CalculatorSeparatorCell.swift */; };
		F87B607B253236D000EB9536 /* CalculatorSeparatorCell.xib in Resources */ = {isa = PBXBuildFile; fileRef = F87B6079253236D000EB9536 /* CalculatorSeparatorCell.xib */; };
		F87B607E2532391700EB9536 /* CalculatorSwitcherCell.swift in Sources */ = {isa = PBXBuildFile; fileRef = F87B607C2532391700EB9536 /* CalculatorSwitcherCell.swift */; };
		F87B607F2532391700EB9536 /* CalculatorSwitcherCell.xib in Resources */ = {isa = PBXBuildFile; fileRef = F87B607D2532391700EB9536 /* CalculatorSwitcherCell.xib */; };
		F87B608225323DEB00EB9536 /* CalculatorEmptyCell.swift in Sources */ = {isa = PBXBuildFile; fileRef = F87B608025323DEB00EB9536 /* CalculatorEmptyCell.swift */; };
		F87B608325323DEB00EB9536 /* CalculatorEmptyCell.xib in Resources */ = {isa = PBXBuildFile; fileRef = F87B608125323DEB00EB9536 /* CalculatorEmptyCell.xib */; };
		F87B60862532445900EB9536 /* CalculatorInfoCell.swift in Sources */ = {isa = PBXBuildFile; fileRef = F87B60842532445900EB9536 /* CalculatorInfoCell.swift */; };
		F87B60872532445900EB9536 /* CalculatorInfoCell.xib in Resources */ = {isa = PBXBuildFile; fileRef = F87B60852532445900EB9536 /* CalculatorInfoCell.xib */; };
		F88E1F69253204E4006C0995 /* UIViewExtension.swift in Sources */ = {isa = PBXBuildFile; fileRef = F88E1F68253204E4006C0995 /* UIViewExtension.swift */; };
		F88E1F6C253206FE006C0995 /* VideoCell.swift in Sources */ = {isa = PBXBuildFile; fileRef = F88E1F6A253206FE006C0995 /* VideoCell.swift */; };
		F88E1F6D253206FE006C0995 /* VideoCell.xib in Resources */ = {isa = PBXBuildFile; fileRef = F88E1F6B253206FE006C0995 /* VideoCell.xib */; };
		F88E1F6F25322489006C0995 /* UIColorExtension.swift in Sources */ = {isa = PBXBuildFile; fileRef = F88E1F6E25322489006C0995 /* UIColorExtension.swift */; };
		F88E1F722532261D006C0995 /* CalculatorViewModel.swift in Sources */ = {isa = PBXBuildFile; fileRef = F88E1F712532261D006C0995 /* CalculatorViewModel.swift */; };
		F88E1F76253229C7006C0995 /* CalculatorSliderCell.swift in Sources */ = {isa = PBXBuildFile; fileRef = F88E1F74253229C7006C0995 /* CalculatorSliderCell.swift */; };
		F88E1F77253229C7006C0995 /* CalculatorSliderCell.xib in Resources */ = {isa = PBXBuildFile; fileRef = F88E1F75253229C7006C0995 /* CalculatorSliderCell.xib */; };
		F8915D3E094D7EAFDA397AE2 /* TabBarModuleViewController.swift in Sources */ = {isa = PBXBuildFile; fileRef = 84C4A8EB3838325999768871 /* TabBarModuleViewController.swift */; };
		F8A21698253078520002ED02 /* SpeechRecognitionService.swift in Sources */ = {isa = PBXBuildFile; fileRef = F8A21697253078520002ED02 /* SpeechRecognitionService.swift */; };
		F8C5940325306EB3009FC2B7 /* AppDelegate.swift in Sources */ = {isa = PBXBuildFile; fileRef = F8C5940225306EB3009FC2B7 /* AppDelegate.swift */; };
		F8C5940525306EB3009FC2B7 /* SceneDelegate.swift in Sources */ = {isa = PBXBuildFile; fileRef = F8C5940425306EB3009FC2B7 /* SceneDelegate.swift */; };
		F8C5940C25306EB4009FC2B7 /* Assets.xcassets in Resources */ = {isa = PBXBuildFile; fileRef = F8C5940B25306EB4009FC2B7 /* Assets.xcassets */; };
		F8C5940F25306EB4009FC2B7 /* LaunchScreen.storyboard in Resources */ = {isa = PBXBuildFile; fileRef = F8C5940D25306EB4009FC2B7 /* LaunchScreen.storyboard */; };
		FD6340B61F0F9B569F008CCD /* CatalogueTabViewController.xib in Resources */ = {isa = PBXBuildFile; fileRef = 18EBCDC806D2DD9005D9BC0B /* CatalogueTabViewController.xib */; };
		FF7A26F7F5C88E1A47425032 /* TabBarModulePresenter.swift in Sources */ = {isa = PBXBuildFile; fileRef = 50497B6A20F8868230B0FBC4 /* TabBarModulePresenter.swift */; };
/* End PBXBuildFile section */

/* Begin PBXCopyFilesBuildPhase section */
		F84F7DA32531E1E8005F5220 /* Embed Frameworks */ = {
			isa = PBXCopyFilesBuildPhase;
			buildActionMask = 2147483647;
			dstPath = "";
			dstSubfolderSpec = 10;
			files = (
				F84F7DA22531E1E8005F5220 /* ImageSlideshow.framework in Embed Frameworks */,
			);
			name = "Embed Frameworks";
			runOnlyForDeploymentPostprocessing = 0;
		};
/* End PBXCopyFilesBuildPhase section */

/* Begin PBXFileReference section */
		0F0A79B3712B5F42FE792978 /* TabBarModuleInteractor.swift */ = {isa = PBXFileReference; includeInIndex = 1; lastKnownFileType = sourcecode.swift; path = TabBarModuleInteractor.swift; sourceTree = "<group>"; };
		102B082262E26EF64C37DEC5 /* CarDetailsInteractor.swift */ = {isa = PBXFileReference; includeInIndex = 1; lastKnownFileType = sourcecode.swift; path = CarDetailsInteractor.swift; sourceTree = "<group>"; };
		18EBCDC806D2DD9005D9BC0B /* CatalogueTabViewController.xib */ = {isa = PBXFileReference; includeInIndex = 1; lastKnownFileType = file.xib; path = CatalogueTabViewController.xib; sourceTree = "<group>"; };
		29F183179615302CB72F707E /* CarDetailsPresenter.swift */ = {isa = PBXFileReference; includeInIndex = 1; lastKnownFileType = sourcecode.swift; path = CarDetailsPresenter.swift; sourceTree = "<group>"; };
		3C724684E515452B0CD2139C /* CatalogueTabContract.swift */ = {isa = PBXFileReference; includeInIndex = 1; lastKnownFileType = sourcecode.swift; path = CatalogueTabContract.swift; sourceTree = "<group>"; };
		3E8A03B0196C4222F173707A /* CalculatorPresenter.swift */ = {isa = PBXFileReference; includeInIndex = 1; lastKnownFileType = sourcecode.swift; path = CalculatorPresenter.swift; sourceTree = "<group>"; };
		420513016BD53E6E2F040D24 /* MainTabViewController.xib */ = {isa = PBXFileReference; includeInIndex = 1; lastKnownFileType = file.xib; path = MainTabViewController.xib; sourceTree = "<group>"; };
		48731CC43A58E6FBD6140BDA /* MainTabViewController.swift */ = {isa = PBXFileReference; includeInIndex = 1; lastKnownFileType = sourcecode.swift; path = MainTabViewController.swift; sourceTree = "<group>"; };
		4E0DCE8FF0BD3C38566A5731 /* CarDetailsViewController.swift */ = {isa = PBXFileReference; includeInIndex = 1; lastKnownFileType = sourcecode.swift; path = CarDetailsViewController.swift; sourceTree = "<group>"; };
		50497B6A20F8868230B0FBC4 /* TabBarModulePresenter.swift */ = {isa = PBXFileReference; includeInIndex = 1; lastKnownFileType = sourcecode.swift; path = TabBarModulePresenter.swift; sourceTree = "<group>"; };
		53E39174E18A4A3ED90A38BF /* CalculatorInteractor.swift */ = {isa = PBXFileReference; includeInIndex = 1; lastKnownFileType = sourcecode.swift; path = CalculatorInteractor.swift; sourceTree = "<group>"; };
		5455C08A672B62E008686A3D /* CalculatorViewController.xib */ = {isa = PBXFileReference; includeInIndex = 1; lastKnownFileType = file.xib; path = CalculatorViewController.xib; sourceTree = "<group>"; };
		5A1AE0E5C8CFDEE3244451EF /* CalculatorRouter.swift */ = {isa = PBXFileReference; includeInIndex = 1; lastKnownFileType = sourcecode.swift; path = CalculatorRouter.swift; sourceTree = "<group>"; };
		625492C7807ECBE17A58A2C8 /* CarDetailsViewController.xib */ = {isa = PBXFileReference; includeInIndex = 1; lastKnownFileType = file.xib; path = CarDetailsViewController.xib; sourceTree = "<group>"; };
		6A5E95CDB78E2C2AF54A02D1 /* MainTabInteractor.swift */ = {isa = PBXFileReference; includeInIndex = 1; lastKnownFileType = sourcecode.swift; path = MainTabInteractor.swift; sourceTree = "<group>"; };
		82D430FAAF52C882FDD94E0E /* TabBarModuleViewController.xib */ = {isa = PBXFileReference; includeInIndex = 1; lastKnownFileType = file.xib; path = TabBarModuleViewController.xib; sourceTree = "<group>"; };
		840790C2A26611A7D1F7AB95 /* CalculatorViewController.swift */ = {isa = PBXFileReference; includeInIndex = 1; lastKnownFileType = sourcecode.swift; path = CalculatorViewController.swift; sourceTree = "<group>"; };
		84C4A8EB3838325999768871 /* TabBarModuleViewController.swift */ = {isa = PBXFileReference; includeInIndex = 1; lastKnownFileType = sourcecode.swift; path = TabBarModuleViewController.swift; sourceTree = "<group>"; };
		90467C6DA707979273B91D16 /* CatalogueTabInteractor.swift */ = {isa = PBXFileReference; includeInIndex = 1; lastKnownFileType = sourcecode.swift; path = CatalogueTabInteractor.swift; sourceTree = "<group>"; };
		913A1FCE7B6C0549AE41982D /* CarDetailsContract.swift */ = {isa = PBXFileReference; includeInIndex = 1; lastKnownFileType = sourcecode.swift; path = CarDetailsContract.swift; sourceTree = "<group>"; };
		B1756698F6CDB3E9C78CE533 /* CatalogueTabRouter.swift */ = {isa = PBXFileReference; includeInIndex = 1; lastKnownFileType = sourcecode.swift; path = CatalogueTabRouter.swift; sourceTree = "<group>"; };
		B2D04C0409B2BB94B821BF1F /* MainTabContract.swift */ = {isa = PBXFileReference; includeInIndex = 1; lastKnownFileType = sourcecode.swift; path = MainTabContract.swift; sourceTree = "<group>"; };
		B3BE03DF47BCA777FA314C81 /* MainTabPresenter.swift */ = {isa = PBXFileReference; includeInIndex = 1; lastKnownFileType = sourcecode.swift; path = MainTabPresenter.swift; sourceTree = "<group>"; };
		BC19DDDA79E060248D6171F9 /* CalculatorContract.swift */ = {isa = PBXFileReference; includeInIndex = 1; lastKnownFileType = sourcecode.swift; path = CalculatorContract.swift; sourceTree = "<group>"; };
		BFC3491EBE4CF122C2DD2A60 /* CatalogueTabPresenter.swift */ = {isa = PBXFileReference; includeInIndex = 1; lastKnownFileType = sourcecode.swift; path = CatalogueTabPresenter.swift; sourceTree = "<group>"; };
		C139392AF07BAA2F6845515D /* TabBarModuleRouter.swift */ = {isa = PBXFileReference; includeInIndex = 1; lastKnownFileType = sourcecode.swift; path = TabBarModuleRouter.swift; sourceTree = "<group>"; };
		C3BA47E62532953C006AF156 /* MarketplaceService.swift */ = {isa = PBXFileReference; fileEncoding = 4; lastKnownFileType = sourcecode.swift; path = MarketplaceService.swift; sourceTree = "<group>"; };
		C3BA47E82532953C006AF156 /* CarModel.swift */ = {isa = PBXFileReference; fileEncoding = 4; lastKnownFileType = sourcecode.swift; path = CarModel.swift; sourceTree = "<group>"; };
		C3BA47E92532953C006AF156 /* TransportType.swift */ = {isa = PBXFileReference; fileEncoding = 4; lastKnownFileType = sourcecode.swift; path = TransportType.swift; sourceTree = "<group>"; };
		C3BA47EA2532953C006AF156 /* Country.swift */ = {isa = PBXFileReference; fileEncoding = 4; lastKnownFileType = sourcecode.swift; path = Country.swift; sourceTree = "<group>"; };
		C3BA47EB2532953C006AF156 /* Marketplace.swift */ = {isa = PBXFileReference; fileEncoding = 4; lastKnownFileType = sourcecode.swift; path = Marketplace.swift; sourceTree = "<group>"; };
		C3BA47EC2532953C006AF156 /* CarBody.swift */ = {isa = PBXFileReference; fileEncoding = 4; lastKnownFileType = sourcecode.swift; path = CarBody.swift; sourceTree = "<group>"; };
		C3BA47ED2532953C006AF156 /* CarBrand.swift */ = {isa = PBXFileReference; fileEncoding = 4; lastKnownFileType = sourcecode.swift; path = CarBrand.swift; sourceTree = "<group>"; };
		C3BA47EE2532953C006AF156 /* CarBrandOnly.swift */ = {isa = PBXFileReference; fileEncoding = 4; lastKnownFileType = sourcecode.swift; path = CarBrandOnly.swift; sourceTree = "<group>"; };
		C3BA47EF2532953C006AF156 /* CarModelModel.swift */ = {isa = PBXFileReference; fileEncoding = 4; lastKnownFileType = sourcecode.swift; path = CarModelModel.swift; sourceTree = "<group>"; };
		C3BA47F12532953C006AF156 /* CalculatorService.swift */ = {isa = PBXFileReference; fileEncoding = 4; lastKnownFileType = sourcecode.swift; path = CalculatorService.swift; sourceTree = "<group>"; };
		C3BA47F42532953C006AF156 /* SettingsResponse.swift */ = {isa = PBXFileReference; fileEncoding = 4; lastKnownFileType = sourcecode.swift; path = SettingsResponse.swift; sourceTree = "<group>"; };
		C3BA47F52532953C006AF156 /* SpecialCondition.swift */ = {isa = PBXFileReference; fileEncoding = 4; lastKnownFileType = sourcecode.swift; path = SpecialCondition.swift; sourceTree = "<group>"; };
		C3BA47F62532953C006AF156 /* SettingsParameters.swift */ = {isa = PBXFileReference; fileEncoding = 4; lastKnownFileType = sourcecode.swift; path = SettingsParameters.swift; sourceTree = "<group>"; };
		C3BA47F72532953C006AF156 /* Language.swift */ = {isa = PBXFileReference; fileEncoding = 4; lastKnownFileType = sourcecode.swift; path = Language.swift; sourceTree = "<group>"; };
		C3BA47F92532953C006AF156 /* ProgramResponse.swift */ = {isa = PBXFileReference; fileEncoding = 4; lastKnownFileType = sourcecode.swift; path = ProgramResponse.swift; sourceTree = "<group>"; };
		C3BA47FA2532953C006AF156 /* CalcResult.swift */ = {isa = PBXFileReference; fileEncoding = 4; lastKnownFileType = sourcecode.swift; path = CalcResult.swift; sourceTree = "<group>"; };
		C3BA47FB2532953C006AF156 /* Ranges.swift */ = {isa = PBXFileReference; fileEncoding = 4; lastKnownFileType = sourcecode.swift; path = Ranges.swift; sourceTree = "<group>"; };
		C3BA47FC2532953C006AF156 /* Field.swift */ = {isa = PBXFileReference; fileEncoding = 4; lastKnownFileType = sourcecode.swift; path = Field.swift; sourceTree = "<group>"; };
		C3BA47FD2532953C006AF156 /* CalculateParameters.swift */ = {isa = PBXFileReference; fileEncoding = 4; lastKnownFileType = sourcecode.swift; path = CalculateParameters.swift; sourceTree = "<group>"; };
		C3BA47FE2532953C006AF156 /* CalculateResponse.swift */ = {isa = PBXFileReference; fileEncoding = 4; lastKnownFileType = sourcecode.swift; path = CalculateResponse.swift; sourceTree = "<group>"; };
		C3BA48002532953C006AF156 /* GraphParameters.swift */ = {isa = PBXFileReference; fileEncoding = 4; lastKnownFileType = sourcecode.swift; path = GraphParameters.swift; sourceTree = "<group>"; };
		C3BA48012532953C006AF156 /* GraphResponse.swift */ = {isa = PBXFileReference; fileEncoding = 4; lastKnownFileType = sourcecode.swift; path = GraphResponse.swift; sourceTree = "<group>"; };
		C3BA48022532953C006AF156 /* Payment.swift */ = {isa = PBXFileReference; fileEncoding = 4; lastKnownFileType = sourcecode.swift; path = Payment.swift; sourceTree = "<group>"; };
		C3BA48042532953C006AF156 /* CarLoanService.swift */ = {isa = PBXFileReference; fileEncoding = 4; lastKnownFileType = sourcecode.swift; path = CarLoanService.swift; sourceTree = "<group>"; };
		C3BA48062532953C006AF156 /* Person.swift */ = {isa = PBXFileReference; fileEncoding = 4; lastKnownFileType = sourcecode.swift; path = Person.swift; sourceTree = "<group>"; };
		C3BA48072532953C006AF156 /* CarLoanParameters.swift */ = {isa = PBXFileReference; fileEncoding = 4; lastKnownFileType = sourcecode.swift; path = CarLoanParameters.swift; sourceTree = "<group>"; };
		C3BA48082532953C006AF156 /* CustomerParty.swift */ = {isa = PBXFileReference; fileEncoding = 4; lastKnownFileType = sourcecode.swift; path = CustomerParty.swift; sourceTree = "<group>"; };
		C3BA48092532953C006AF156 /* CarLoanResponse.swift */ = {isa = PBXFileReference; fileEncoding = 4; lastKnownFileType = sourcecode.swift; path = CarLoanResponse.swift; sourceTree = "<group>"; };
		C3BA480B2532953C006AF156 /* CarRecognitionService.swift */ = {isa = PBXFileReference; fileEncoding = 4; lastKnownFileType = sourcecode.swift; path = CarRecognitionService.swift; sourceTree = "<group>"; };
		C3BA480D2532953C006AF156 /* CarRecognitionResponse.swift */ = {isa = PBXFileReference; fileEncoding = 4; lastKnownFileType = sourcecode.swift; path = CarRecognitionResponse.swift; sourceTree = "<group>"; };
		C3BA480E2532953C006AF156 /* CarImage.swift */ = {isa = PBXFileReference; fileEncoding = 4; lastKnownFileType = sourcecode.swift; path = CarImage.swift; sourceTree = "<group>"; };
		D234A8B93D7BB27F719BCF03 /* MainTabRouter.swift */ = {isa = PBXFileReference; includeInIndex = 1; lastKnownFileType = sourcecode.swift; path = MainTabRouter.swift; sourceTree = "<group>"; };
		D9C8EFE9A06734E3B9A14505 /* CatalogueTabViewController.swift */ = {isa = PBXFileReference; includeInIndex = 1; lastKnownFileType = sourcecode.swift; path = CatalogueTabViewController.swift; sourceTree = "<group>"; };
		DF95FCD09A60197DC3AE6400 /* CarDetailsRouter.swift */ = {isa = PBXFileReference; includeInIndex = 1; lastKnownFileType = sourcecode.swift; path = CarDetailsRouter.swift; sourceTree = "<group>"; };
		F84F7D712531B8A6005F5220 /* DazzleCarouselView.swift */ = {isa = PBXFileReference; lastKnownFileType = sourcecode.swift; path = DazzleCarouselView.swift; sourceTree = "<group>"; };
		F84F7D7A2531B90F005F5220 /* PhotoTextCard.xib */ = {isa = PBXFileReference; lastKnownFileType = file.xib; path = PhotoTextCard.xib; sourceTree = "<group>"; };
		F84F7D7E2531B93D005F5220 /* PhotoTextCard.swift */ = {isa = PBXFileReference; lastKnownFileType = sourcecode.swift; path = PhotoTextCard.swift; sourceTree = "<group>"; };
		F84F7D872531C172005F5220 /* en */ = {isa = PBXFileReference; lastKnownFileType = text.plist.strings; name = en; path = en.lproj/Localizable.strings; sourceTree = "<group>"; };
		F84F7D8A2531C1A0005F5220 /* StringExtension.swift */ = {isa = PBXFileReference; lastKnownFileType = sourcecode.swift; path = StringExtension.swift; sourceTree = "<group>"; };
		F84F7D8F2531C5AC005F5220 /* FeatureCell.swift */ = {isa = PBXFileReference; lastKnownFileType = sourcecode.swift; path = FeatureCell.swift; sourceTree = "<group>"; };
		F84F7D902531C5AC005F5220 /* FeatureCell.xib */ = {isa = PBXFileReference; lastKnownFileType = file.xib; path = FeatureCell.xib; sourceTree = "<group>"; };
		F84F7D942531C888005F5220 /* MainTabWorker.swift */ = {isa = PBXFileReference; lastKnownFileType = sourcecode.swift; path = MainTabWorker.swift; sourceTree = "<group>"; };
		F84F7DA02531E1E8005F5220 /* ImageSlideshow.framework */ = {isa = PBXFileReference; lastKnownFileType = wrapper.framework; name = ImageSlideshow.framework; path = Carthage/Build/iOS/ImageSlideshow.framework; sourceTree = "<group>"; };
		F84F7DA72531E865005F5220 /* CarCell.swift */ = {isa = PBXFileReference; lastKnownFileType = sourcecode.swift; path = CarCell.swift; sourceTree = "<group>"; };
		F84F7DA82531E865005F5220 /* CarCell.xib */ = {isa = PBXFileReference; lastKnownFileType = file.xib; path = CarCell.xib; sourceTree = "<group>"; };
		F84F7DAB2531EDB6005F5220 /* KingfisherSource.swift */ = {isa = PBXFileReference; lastKnownFileType = sourcecode.swift; path = KingfisherSource.swift; sourceTree = "<group>"; };
		F84F7DAD2531EE7A005F5220 /* CatalogueWorker.swift */ = {isa = PBXFileReference; lastKnownFileType = sourcecode.swift; path = CatalogueWorker.swift; sourceTree = "<group>"; };
		F84F7DB12531F09D005F5220 /* Kingfisher.framework */ = {isa = PBXFileReference; lastKnownFileType = wrapper.framework; name = Kingfisher.framework; path = Carthage/Build/iOS/Kingfisher.framework; sourceTree = "<group>"; };
		F87B6078253236D000EB9536 /* CalculatorSeparatorCell.swift */ = {isa = PBXFileReference; lastKnownFileType = sourcecode.swift; path = CalculatorSeparatorCell.swift; sourceTree = "<group>"; };
		F87B6079253236D000EB9536 /* CalculatorSeparatorCell.xib */ = {isa = PBXFileReference; lastKnownFileType = file.xib; path = CalculatorSeparatorCell.xib; sourceTree = "<group>"; };
		F87B607C2532391700EB9536 /* CalculatorSwitcherCell.swift */ = {isa = PBXFileReference; lastKnownFileType = sourcecode.swift; path = CalculatorSwitcherCell.swift; sourceTree = "<group>"; };
		F87B607D2532391700EB9536 /* CalculatorSwitcherCell.xib */ = {isa = PBXFileReference; lastKnownFileType = file.xib; path = CalculatorSwitcherCell.xib; sourceTree = "<group>"; };
		F87B608025323DEB00EB9536 /* CalculatorEmptyCell.swift */ = {isa = PBXFileReference; lastKnownFileType = sourcecode.swift; path = CalculatorEmptyCell.swift; sourceTree = "<group>"; };
		F87B608125323DEB00EB9536 /* CalculatorEmptyCell.xib */ = {isa = PBXFileReference; lastKnownFileType = file.xib; path = CalculatorEmptyCell.xib; sourceTree = "<group>"; };
		F87B60842532445900EB9536 /* CalculatorInfoCell.swift */ = {isa = PBXFileReference; lastKnownFileType = sourcecode.swift; path = CalculatorInfoCell.swift; sourceTree = "<group>"; };
		F87B60852532445900EB9536 /* CalculatorInfoCell.xib */ = {isa = PBXFileReference; lastKnownFileType = file.xib; path = CalculatorInfoCell.xib; sourceTree = "<group>"; };
		F88E1F68253204E4006C0995 /* UIViewExtension.swift */ = {isa = PBXFileReference; lastKnownFileType = sourcecode.swift; path = UIViewExtension.swift; sourceTree = "<group>"; };
		F88E1F6A253206FE006C0995 /* VideoCell.swift */ = {isa = PBXFileReference; lastKnownFileType = sourcecode.swift; path = VideoCell.swift; sourceTree = "<group>"; };
		F88E1F6B253206FE006C0995 /* VideoCell.xib */ = {isa = PBXFileReference; lastKnownFileType = file.xib; path = VideoCell.xib; sourceTree = "<group>"; };
		F88E1F6E25322489006C0995 /* UIColorExtension.swift */ = {isa = PBXFileReference; lastKnownFileType = sourcecode.swift; path = UIColorExtension.swift; sourceTree = "<group>"; };
		F88E1F712532261D006C0995 /* CalculatorViewModel.swift */ = {isa = PBXFileReference; lastKnownFileType = sourcecode.swift; path = CalculatorViewModel.swift; sourceTree = "<group>"; };
		F88E1F74253229C7006C0995 /* CalculatorSliderCell.swift */ = {isa = PBXFileReference; lastKnownFileType = sourcecode.swift; path = CalculatorSliderCell.swift; sourceTree = "<group>"; };
		F88E1F75253229C7006C0995 /* CalculatorSliderCell.xib */ = {isa = PBXFileReference; lastKnownFileType = file.xib; path = CalculatorSliderCell.xib; sourceTree = "<group>"; };
		F8A21697253078520002ED02 /* SpeechRecognitionService.swift */ = {isa = PBXFileReference; lastKnownFileType = sourcecode.swift; path = SpeechRecognitionService.swift; sourceTree = "<group>"; };
		F8C593FF25306EB3009FC2B7 /* CarMarket.app */ = {isa = PBXFileReference; explicitFileType = wrapper.application; includeInIndex = 0; path = CarMarket.app; sourceTree = BUILT_PRODUCTS_DIR; };
		F8C5940225306EB3009FC2B7 /* AppDelegate.swift */ = {isa = PBXFileReference; lastKnownFileType = sourcecode.swift; path = AppDelegate.swift; sourceTree = "<group>"; };
		F8C5940425306EB3009FC2B7 /* SceneDelegate.swift */ = {isa = PBXFileReference; lastKnownFileType = sourcecode.swift; path = SceneDelegate.swift; sourceTree = "<group>"; };
		F8C5940B25306EB4009FC2B7 /* Assets.xcassets */ = {isa = PBXFileReference; lastKnownFileType = folder.assetcatalog; path = Assets.xcassets; sourceTree = "<group>"; };
		F8C5940E25306EB4009FC2B7 /* Base */ = {isa = PBXFileReference; lastKnownFileType = file.storyboard; name = Base; path = Base.lproj/LaunchScreen.storyboard; sourceTree = "<group>"; };
		F8C5941025306EB4009FC2B7 /* Info.plist */ = {isa = PBXFileReference; lastKnownFileType = text.plist.xml; path = Info.plist; sourceTree = "<group>"; };
		FC9148B3B1B3BF0FB6CF72BD /* TabBarModuleContract.swift */ = {isa = PBXFileReference; includeInIndex = 1; lastKnownFileType = sourcecode.swift; path = TabBarModuleContract.swift; sourceTree = "<group>"; };
/* End PBXFileReference section */

/* Begin PBXFrameworksBuildPhase section */
		F8C593FC25306EB3009FC2B7 /* Frameworks */ = {
			isa = PBXFrameworksBuildPhase;
			buildActionMask = 2147483647;
			files = (
				F84F7DB22531F09D005F5220 /* Kingfisher.framework in Frameworks */,
				F84F7DA12531E1E8005F5220 /* ImageSlideshow.framework in Frameworks */,
			);
			runOnlyForDeploymentPostprocessing = 0;
		};
/* End PBXFrameworksBuildPhase section */

/* Begin PBXGroup section */
		016AC4FB7C7AF0CDB7607FCB /* Router */ = {
			isa = PBXGroup;
			children = (
				B1756698F6CDB3E9C78CE533 /* CatalogueTabRouter.swift */,
			);
			path = Router;
			sourceTree = "<group>";
		};
		0AD400B48E5E9C496EC130EB /* MainTab */ = {
			isa = PBXGroup;
			children = (
				1B6780D8727798C9D9DEC7AA /* View */,
				936ACBCD4446D64858B865FB /* Presenter */,
				FD3C6B65833D6A6CFA54850E /* Interactor */,
				DEFBB1C5C0F9DCA8EC001934 /* Router */,
				BBABC2649FEC2FE569EA9A9A /* Contract */,
			);
			path = MainTab;
			sourceTree = "<group>";
		};
		16DEDD9704C2EE4D832A0FAB /* Presenter */ = {
			isa = PBXGroup;
			children = (
				50497B6A20F8868230B0FBC4 /* TabBarModulePresenter.swift */,
			);
			path = Presenter;
			sourceTree = "<group>";
		};
		1B6780D8727798C9D9DEC7AA /* View */ = {
			isa = PBXGroup;
			children = (
				F84F7D8E2531C595005F5220 /* Cells */,
				48731CC43A58E6FBD6140BDA /* MainTabViewController.swift */,
				420513016BD53E6E2F040D24 /* MainTabViewController.xib */,
			);
			path = View;
			sourceTree = "<group>";
		};
		297D63A1340FC14ECB357E32 /* Calculator */ = {
			isa = PBXGroup;
			children = (
				F88E1F7025322612006C0995 /* ViewModel */,
				36911CACEB1C7E67547C6D4A /* View */,
				47682D10FD6F75F582879C7B /* Presenter */,
				9F5EC6F6593E96DF92026879 /* Interactor */,
				9AD25BF5055A491FCC2FBEA1 /* Router */,
				DBC643F458E2C80685907814 /* Contract */,
			);
			path = Calculator;
			sourceTree = "<group>";
		};
		2D48FAB0DDEE175B913BAE62 /* Interactor */ = {
			isa = PBXGroup;
			children = (
				102B082262E26EF64C37DEC5 /* CarDetailsInteractor.swift */,
			);
			name = Interactor;
			path = Interactor;
			sourceTree = "<group>";
		};
		2F4586A137E1FB78FE131234 /* View */ = {
			isa = PBXGroup;
			children = (
				4E0DCE8FF0BD3C38566A5731 /* CarDetailsViewController.swift */,
				625492C7807ECBE17A58A2C8 /* CarDetailsViewController.xib */,
			);
			name = View;
			path = View;
			sourceTree = "<group>";
		};
		36911CACEB1C7E67547C6D4A /* View */ = {
			isa = PBXGroup;
			children = (
				F88E1F73253229B2006C0995 /* Cells */,
				840790C2A26611A7D1F7AB95 /* CalculatorViewController.swift */,
				5455C08A672B62E008686A3D /* CalculatorViewController.xib */,
			);
			path = View;
			sourceTree = "<group>";
		};
		3C1069B7715A8C3A5BF2E71E /* Contract */ = {
			isa = PBXGroup;
			children = (
				3C724684E515452B0CD2139C /* CatalogueTabContract.swift */,
			);
			path = Contract;
			sourceTree = "<group>";
		};
		47682D10FD6F75F582879C7B /* Presenter */ = {
			isa = PBXGroup;
			children = (
				3E8A03B0196C4222F173707A /* CalculatorPresenter.swift */,
			);
			path = Presenter;
			sourceTree = "<group>";
		};
		4EF6A469A366B5281B7DFE8B /* Router */ = {
			isa = PBXGroup;
			children = (
				DF95FCD09A60197DC3AE6400 /* CarDetailsRouter.swift */,
			);
			name = Router;
			path = Router;
			sourceTree = "<group>";
		};
		53637C27C2A555E64AE1D5D4 /* Interactor */ = {
			isa = PBXGroup;
			children = (
				90467C6DA707979273B91D16 /* CatalogueTabInteractor.swift */,
				F84F7DAD2531EE7A005F5220 /* CatalogueWorker.swift */,
			);
			path = Interactor;
			sourceTree = "<group>";
		};
		6C417017AF38864E48A4B274 /* Presenter */ = {
			isa = PBXGroup;
			children = (
				29F183179615302CB72F707E /* CarDetailsPresenter.swift */,
			);
			name = Presenter;
			path = Presenter;
			sourceTree = "<group>";
		};
		6C9DA8F5DA746B2A27EC3256 /* View */ = {
			isa = PBXGroup;
			children = (
				84C4A8EB3838325999768871 /* TabBarModuleViewController.swift */,
				82D430FAAF52C882FDD94E0E /* TabBarModuleViewController.xib */,
			);
			path = View;
			sourceTree = "<group>";
		};
		7D7980F3D2D802F10EBCC797 /* CarDetails */ = {
			isa = PBXGroup;
			children = (
				2F4586A137E1FB78FE131234 /* View */,
				6C417017AF38864E48A4B274 /* Presenter */,
				2D48FAB0DDEE175B913BAE62 /* Interactor */,
				4EF6A469A366B5281B7DFE8B /* Router */,
				B33FD91746561078E968A215 /* Contract */,
			);
			name = CarDetails;
			path = CarDetails;
			sourceTree = "<group>";
		};
		89385EBD328B89718B288C6C /* Interactor */ = {
			isa = PBXGroup;
			children = (
				0F0A79B3712B5F42FE792978 /* TabBarModuleInteractor.swift */,
			);
			path = Interactor;
			sourceTree = "<group>";
		};
		8D4FD1996524EFB51239CAA0 /* Contract */ = {
			isa = PBXGroup;
			children = (
				FC9148B3B1B3BF0FB6CF72BD /* TabBarModuleContract.swift */,
			);
			path = Contract;
			sourceTree = "<group>";
		};
		936ACBCD4446D64858B865FB /* Presenter */ = {
			isa = PBXGroup;
			children = (
				B3BE03DF47BCA777FA314C81 /* MainTabPresenter.swift */,
			);
			path = Presenter;
			sourceTree = "<group>";
		};
		9AD25BF5055A491FCC2FBEA1 /* Router */ = {
			isa = PBXGroup;
			children = (
				5A1AE0E5C8CFDEE3244451EF /* CalculatorRouter.swift */,
			);
			path = Router;
			sourceTree = "<group>";
		};
		9B6B0A60354497021C69862D /* Modules */ = {
			isa = PBXGroup;
			children = (
				D9845C17DD14A60052205C69 /* TabBarModule */,
				0AD400B48E5E9C496EC130EB /* MainTab */,
				EBF397730397135BD4D1D343 /* CatalogueTab */,
				297D63A1340FC14ECB357E32 /* Calculator */,
				7D7980F3D2D802F10EBCC797 /* CarDetails */,
			);
			path = Modules;
			sourceTree = "<group>";
		};
		9F5EC6F6593E96DF92026879 /* Interactor */ = {
			isa = PBXGroup;
			children = (
				53E39174E18A4A3ED90A38BF /* CalculatorInteractor.swift */,
			);
			path = Interactor;
			sourceTree = "<group>";
		};
		A04697194A991B9CF08B4607 /* Presenter */ = {
			isa = PBXGroup;
			children = (
				BFC3491EBE4CF122C2DD2A60 /* CatalogueTabPresenter.swift */,
			);
			path = Presenter;
			sourceTree = "<group>";
		};
		B33FD91746561078E968A215 /* Contract */ = {
			isa = PBXGroup;
			children = (
				913A1FCE7B6C0549AE41982D /* CarDetailsContract.swift */,
			);
			name = Contract;
			path = Contract;
			sourceTree = "<group>";
		};
		BBABC2649FEC2FE569EA9A9A /* Contract */ = {
			isa = PBXGroup;
			children = (
				B2D04C0409B2BB94B821BF1F /* MainTabContract.swift */,
			);
			path = Contract;
			sourceTree = "<group>";
		};
		C3BA47E42532953C006AF156 /* API */ = {
			isa = PBXGroup;
			children = (
				C3BA47E52532953C006AF156 /* MarketplaceAPI */,
				C3BA47F02532953C006AF156 /* CalculatorAPI */,
				C3BA48032532953C006AF156 /* CarLoanAPI */,
				C3BA480A2532953C006AF156 /* CarRecognitionAPI */,
			);
			path = API;
			sourceTree = SOURCE_ROOT;
		};
		C3BA47E52532953C006AF156 /* MarketplaceAPI */ = {
			isa = PBXGroup;
			children = (
				C3BA47E62532953C006AF156 /* MarketplaceService.swift */,
				C3BA47E72532953C006AF156 /* Entities */,
			);
			path = MarketplaceAPI;
			sourceTree = "<group>";
		};
		C3BA47E72532953C006AF156 /* Entities */ = {
			isa = PBXGroup;
			children = (
				C3BA47E82532953C006AF156 /* CarModel.swift */,
				C3BA47E92532953C006AF156 /* TransportType.swift */,
				C3BA47EA2532953C006AF156 /* Country.swift */,
				C3BA47EB2532953C006AF156 /* Marketplace.swift */,
				C3BA47EC2532953C006AF156 /* CarBody.swift */,
				C3BA47ED2532953C006AF156 /* CarBrand.swift */,
				C3BA47EE2532953C006AF156 /* CarBrandOnly.swift */,
				C3BA47EF2532953C006AF156 /* CarModelModel.swift */,
			);
			path = Entities;
			sourceTree = "<group>";
		};
		C3BA47F02532953C006AF156 /* CalculatorAPI */ = {
			isa = PBXGroup;
			children = (
				C3BA47F12532953C006AF156 /* CalculatorService.swift */,
				C3BA47F22532953C006AF156 /* Entities */,
			);
			path = CalculatorAPI;
			sourceTree = "<group>";
		};
		C3BA47F22532953C006AF156 /* Entities */ = {
			isa = PBXGroup;
			children = (
				C3BA47F32532953C006AF156 /* Settings */,
				C3BA47F72532953C006AF156 /* Language.swift */,
				C3BA47F82532953C006AF156 /* Calculate */,
				C3BA47FF2532953C006AF156 /* Graph */,
			);
			path = Entities;
			sourceTree = "<group>";
		};
		C3BA47F32532953C006AF156 /* Settings */ = {
			isa = PBXGroup;
			children = (
				C3BA47F42532953C006AF156 /* SettingsResponse.swift */,
				C3BA47F52532953C006AF156 /* SpecialCondition.swift */,
				C3BA47F62532953C006AF156 /* SettingsParameters.swift */,
			);
			path = Settings;
			sourceTree = "<group>";
		};
		C3BA47F82532953C006AF156 /* Calculate */ = {
			isa = PBXGroup;
			children = (
				C3BA47F92532953C006AF156 /* ProgramResponse.swift */,
				C3BA47FA2532953C006AF156 /* CalcResult.swift */,
				C3BA47FB2532953C006AF156 /* Ranges.swift */,
				C3BA47FC2532953C006AF156 /* Field.swift */,
				C3BA47FD2532953C006AF156 /* CalculateParameters.swift */,
				C3BA47FE2532953C006AF156 /* CalculateResponse.swift */,
			);
			path = Calculate;
			sourceTree = "<group>";
		};
		C3BA47FF2532953C006AF156 /* Graph */ = {
			isa = PBXGroup;
			children = (
				C3BA48002532953C006AF156 /* GraphParameters.swift */,
				C3BA48012532953C006AF156 /* GraphResponse.swift */,
				C3BA48022532953C006AF156 /* Payment.swift */,
			);
			path = Graph;
			sourceTree = "<group>";
		};
		C3BA48032532953C006AF156 /* CarLoanAPI */ = {
			isa = PBXGroup;
			children = (
				C3BA48042532953C006AF156 /* CarLoanService.swift */,
				C3BA48052532953C006AF156 /* Entities */,
			);
			path = CarLoanAPI;
			sourceTree = "<group>";
		};
		C3BA48052532953C006AF156 /* Entities */ = {
			isa = PBXGroup;
			children = (
				C3BA48062532953C006AF156 /* Person.swift */,
				C3BA48072532953C006AF156 /* CarLoanParameters.swift */,
				C3BA48082532953C006AF156 /* CustomerParty.swift */,
				C3BA48092532953C006AF156 /* CarLoanResponse.swift */,
			);
			path = Entities;
			sourceTree = "<group>";
		};
		C3BA480A2532953C006AF156 /* CarRecognitionAPI */ = {
			isa = PBXGroup;
			children = (
				C3BA480B2532953C006AF156 /* CarRecognitionService.swift */,
				C3BA480C2532953C006AF156 /* Entities */,
			);
			path = CarRecognitionAPI;
			sourceTree = "<group>";
		};
		C3BA480C2532953C006AF156 /* Entities */ = {
			isa = PBXGroup;
			children = (
				C3BA480D2532953C006AF156 /* CarRecognitionResponse.swift */,
				C3BA480E2532953C006AF156 /* CarImage.swift */,
			);
			path = Entities;
			sourceTree = "<group>";
		};
		D1D06B99ADB27611917518BD /* View */ = {
			isa = PBXGroup;
			children = (
				F84F7DA62531E84A005F5220 /* Cells */,
				D9C8EFE9A06734E3B9A14505 /* CatalogueTabViewController.swift */,
				18EBCDC806D2DD9005D9BC0B /* CatalogueTabViewController.xib */,
			);
			path = View;
			sourceTree = "<group>";
		};
		D9845C17DD14A60052205C69 /* TabBarModule */ = {
			isa = PBXGroup;
			children = (
				6C9DA8F5DA746B2A27EC3256 /* View */,
				16DEDD9704C2EE4D832A0FAB /* Presenter */,
				89385EBD328B89718B288C6C /* Interactor */,
				E67A078CD2B185053B30E8D3 /* Router */,
				8D4FD1996524EFB51239CAA0 /* Contract */,
			);
			path = TabBarModule;
			sourceTree = "<group>";
		};
		DBC643F458E2C80685907814 /* Contract */ = {
			isa = PBXGroup;
			children = (
				BC19DDDA79E060248D6171F9 /* CalculatorContract.swift */,
			);
			path = Contract;
			sourceTree = "<group>";
		};
		DEFBB1C5C0F9DCA8EC001934 /* Router */ = {
			isa = PBXGroup;
			children = (
				D234A8B93D7BB27F719BCF03 /* MainTabRouter.swift */,
			);
			path = Router;
			sourceTree = "<group>";
		};
		E67A078CD2B185053B30E8D3 /* Router */ = {
			isa = PBXGroup;
			children = (
				C139392AF07BAA2F6845515D /* TabBarModuleRouter.swift */,
			);
			path = Router;
			sourceTree = "<group>";
		};
		EBF397730397135BD4D1D343 /* CatalogueTab */ = {
			isa = PBXGroup;
			children = (
				D1D06B99ADB27611917518BD /* View */,
				A04697194A991B9CF08B4607 /* Presenter */,
				53637C27C2A555E64AE1D5D4 /* Interactor */,
				016AC4FB7C7AF0CDB7607FCB /* Router */,
				3C1069B7715A8C3A5BF2E71E /* Contract */,
			);
			path = CatalogueTab;
			sourceTree = "<group>";
		};
		F84F7D702531B889005F5220 /* Common */ = {
			isa = PBXGroup;
			children = (
				F84F7D752531B8E5005F5220 /* Reusable */,
				F84F7D712531B8A6005F5220 /* DazzleCarouselView.swift */,
				F84F7D8A2531C1A0005F5220 /* StringExtension.swift */,
				F88E1F6E25322489006C0995 /* UIColorExtension.swift */,
			);
			path = Common;
			sourceTree = "<group>";
		};
		F84F7D752531B8E5005F5220 /* Reusable */ = {
			isa = PBXGroup;
			children = (
				F84F7D7A2531B90F005F5220 /* PhotoTextCard.xib */,
				F84F7D7E2531B93D005F5220 /* PhotoTextCard.swift */,
				F88E1F68253204E4006C0995 /* UIViewExtension.swift */,
			);
			path = Reusable;
			sourceTree = "<group>";
		};
		F84F7D8E2531C595005F5220 /* Cells */ = {
			isa = PBXGroup;
			children = (
				F84F7D8F2531C5AC005F5220 /* FeatureCell.swift */,
				F84F7D902531C5AC005F5220 /* FeatureCell.xib */,
				F88E1F6A253206FE006C0995 /* VideoCell.swift */,
				F88E1F6B253206FE006C0995 /* VideoCell.xib */,
			);
			path = Cells;
			sourceTree = "<group>";
		};
		F84F7D992531DF94005F5220 /* Frameworks */ = {
			isa = PBXGroup;
			children = (
				F84F7DB12531F09D005F5220 /* Kingfisher.framework */,
				F84F7DA02531E1E8005F5220 /* ImageSlideshow.framework */,
			);
			name = Frameworks;
			sourceTree = "<group>";
		};
		F84F7DA62531E84A005F5220 /* Cells */ = {
			isa = PBXGroup;
			children = (
				F84F7DA72531E865005F5220 /* CarCell.swift */,
				F84F7DA82531E865005F5220 /* CarCell.xib */,
			);
			path = Cells;
			sourceTree = "<group>";
		};
		F88E1F7025322612006C0995 /* ViewModel */ = {
			isa = PBXGroup;
			children = (
				F88E1F712532261D006C0995 /* CalculatorViewModel.swift */,
			);
			path = ViewModel;
			sourceTree = "<group>";
		};
		F88E1F73253229B2006C0995 /* Cells */ = {
			isa = PBXGroup;
			children = (
				F88E1F74253229C7006C0995 /* CalculatorSliderCell.swift */,
				F88E1F75253229C7006C0995 /* CalculatorSliderCell.xib */,
				F87B6078253236D000EB9536 /* CalculatorSeparatorCell.swift */,
				F87B6079253236D000EB9536 /* CalculatorSeparatorCell.xib */,
				F87B607C2532391700EB9536 /* CalculatorSwitcherCell.swift */,
				F87B607D2532391700EB9536 /* CalculatorSwitcherCell.xib */,
				F87B608025323DEB00EB9536 /* CalculatorEmptyCell.swift */,
				F87B608125323DEB00EB9536 /* CalculatorEmptyCell.xib */,
				F87B60842532445900EB9536 /* CalculatorInfoCell.swift */,
				F87B60852532445900EB9536 /* CalculatorInfoCell.xib */,
			);
			path = Cells;
			sourceTree = "<group>";
		};
		F8A21696253078480002ED02 /* Services */ = {
			isa = PBXGroup;
			children = (
				F8A21697253078520002ED02 /* SpeechRecognitionService.swift */,
				F84F7DAB2531EDB6005F5220 /* KingfisherSource.swift */,
			);
			path = Services;
			sourceTree = "<group>";
		};
		F8C593F625306EB3009FC2B7 = {
			isa = PBXGroup;
			children = (
				F8C5940125306EB3009FC2B7 /* CarMarket */,
				F8C5940025306EB3009FC2B7 /* Products */,
				9B6B0A60354497021C69862D /* Modules */,
				F84F7D992531DF94005F5220 /* Frameworks */,
			);
			sourceTree = "<group>";
		};
		F8C5940025306EB3009FC2B7 /* Products */ = {
			isa = PBXGroup;
			children = (
				F8C593FF25306EB3009FC2B7 /* CarMarket.app */,
			);
			name = Products;
			sourceTree = "<group>";
		};
		F8C5940125306EB3009FC2B7 /* CarMarket */ = {
			isa = PBXGroup;
			children = (
				F84F7D882531C172005F5220 /* Localizable.strings */,
				C3BA47E42532953C006AF156 /* API */,
				F84F7D702531B889005F5220 /* Common */,
				F8A21696253078480002ED02 /* Services */,
				F8C5940225306EB3009FC2B7 /* AppDelegate.swift */,
				F8C5940425306EB3009FC2B7 /* SceneDelegate.swift */,
				F8C5940B25306EB4009FC2B7 /* Assets.xcassets */,
				F8C5940D25306EB4009FC2B7 /* LaunchScreen.storyboard */,
				F8C5941025306EB4009FC2B7 /* Info.plist */,
			);
			path = CarMarket;
			sourceTree = "<group>";
		};
		FD3C6B65833D6A6CFA54850E /* Interactor */ = {
			isa = PBXGroup;
			children = (
				6A5E95CDB78E2C2AF54A02D1 /* MainTabInteractor.swift */,
				F84F7D942531C888005F5220 /* MainTabWorker.swift */,
			);
			path = Interactor;
			sourceTree = "<group>";
		};
/* End PBXGroup section */

/* Begin PBXNativeTarget section */
		F8C593FE25306EB3009FC2B7 /* CarMarket */ = {
			isa = PBXNativeTarget;
			buildConfigurationList = F8C5941325306EB4009FC2B7 /* Build configuration list for PBXNativeTarget "CarMarket" */;
			buildPhases = (
				F8C593FB25306EB3009FC2B7 /* Sources */,
				F8C593FC25306EB3009FC2B7 /* Frameworks */,
				F8C593FD25306EB3009FC2B7 /* Resources */,
				F84F7D9E2531DFA9005F5220 /* Frameworks */,
				F84F7DA32531E1E8005F5220 /* Embed Frameworks */,
			);
			buildRules = (
			);
			dependencies = (
			);
			name = CarMarket;
			productName = CarMarket;
			productReference = F8C593FF25306EB3009FC2B7 /* CarMarket.app */;
			productType = "com.apple.product-type.application";
		};
/* End PBXNativeTarget section */

/* Begin PBXProject section */
		F8C593F725306EB3009FC2B7 /* Project object */ = {
			isa = PBXProject;
			attributes = {
				LastSwiftUpdateCheck = 1200;
				LastUpgradeCheck = 1200;
				TargetAttributes = {
					F8C593FE25306EB3009FC2B7 = {
						CreatedOnToolsVersion = 12.0.1;
					};
				};
			};
			buildConfigurationList = F8C593FA25306EB3009FC2B7 /* Build configuration list for PBXProject "CarMarket" */;
			compatibilityVersion = "Xcode 9.3";
			developmentRegion = en;
			hasScannedForEncodings = 0;
			knownRegions = (
				en,
				Base,
			);
			mainGroup = F8C593F625306EB3009FC2B7;
			productRefGroup = F8C5940025306EB3009FC2B7 /* Products */;
			projectDirPath = "";
			projectRoot = "";
			targets = (
				F8C593FE25306EB3009FC2B7 /* CarMarket */,
			);
		};
/* End PBXProject section */

/* Begin PBXResourcesBuildPhase section */
		F8C593FD25306EB3009FC2B7 /* Resources */ = {
			isa = PBXResourcesBuildPhase;
			buildActionMask = 2147483647;
			files = (
				F8C5940F25306EB4009FC2B7 /* LaunchScreen.storyboard in Resources */,
				F84F7D862531C172005F5220 /* Localizable.strings in Resources */,
				F8C5940C25306EB4009FC2B7 /* Assets.xcassets in Resources */,
				F88E1F77253229C7006C0995 /* CalculatorSliderCell.xib in Resources */,
				78571632B67B75B9BA23A344 /* TabBarModuleViewController.xib in Resources */,
				F84F7D922531C5AC005F5220 /* FeatureCell.xib in Resources */,
				F87B608325323DEB00EB9536 /* CalculatorEmptyCell.xib in Resources */,
				F87B607F2532391700EB9536 /* CalculatorSwitcherCell.xib in Resources */,
				F88E1F6D253206FE006C0995 /* VideoCell.xib in Resources */,
				58F2E80ABAABDBE717526E92 /* MainTabViewController.xib in Resources */,
				F84F7D7B2531B90F005F5220 /* PhotoTextCard.xib in Resources */,
				F84F7DAA2531E865005F5220 /* CarCell.xib in Resources */,
				F87B607B253236D000EB9536 /* CalculatorSeparatorCell.xib in Resources */,
				F87B60872532445900EB9536 /* CalculatorInfoCell.xib in Resources */,
				FD6340B61F0F9B569F008CCD /* CatalogueTabViewController.xib in Resources */,
				E5D5E0524CC3ABE071237469 /* CalculatorViewController.xib in Resources */,
				2A336CA13D6299DB82DDE940 /* CarDetailsViewController.xib in Resources */,
			);
			runOnlyForDeploymentPostprocessing = 0;
		};
/* End PBXResourcesBuildPhase section */

/* Begin PBXShellScriptBuildPhase section */
		F84F7D9E2531DFA9005F5220 /* Frameworks */ = {
			isa = PBXShellScriptBuildPhase;
			buildActionMask = 2147483647;
			files = (
			);
			inputFileListPaths = (
			);
			inputPaths = (
				"$(SRCROOT)/Carthage/Build/iOS/ImageSlideshow.framework",
				"$(SRCROOT)/Carthage/Build/iOS/Kingfisher.framework",
				"$(SRCROOT)/Carthage/Build/iOS/Alamofire.framework",
			);
			name = Frameworks;
			outputFileListPaths = (
			);
			outputPaths = (
			);
			runOnlyForDeploymentPostprocessing = 0;
			shellPath = /bin/sh;
			shellScript = "# Type a script or drag a script file from your workspace to insert its path.\n/usr/local/bin/carthage copy-frameworks\n";
		};
/* End PBXShellScriptBuildPhase section */

/* Begin PBXSourcesBuildPhase section */
		F8C593FB25306EB3009FC2B7 /* Sources */ = {
			isa = PBXSourcesBuildPhase;
			buildActionMask = 2147483647;
			files = (
				F84F7D722531B8A6005F5220 /* DazzleCarouselView.swift in Sources */,
				F88E1F6C253206FE006C0995 /* VideoCell.swift in Sources */,
				F8C5940325306EB3009FC2B7 /* AppDelegate.swift in Sources */,
				F8C5940525306EB3009FC2B7 /* SceneDelegate.swift in Sources */,
				C3BA48112532953C006AF156 /* TransportType.swift in Sources */,
				F8A21698253078520002ED02 /* SpeechRecognitionService.swift in Sources */,
				C3BA480F2532953C006AF156 /* MarketplaceService.swift in Sources */,
				C3BA48222532953C006AF156 /* CalculateResponse.swift in Sources */,
				F84F7D8B2531C1A0005F5220 /* StringExtension.swift in Sources */,
				C3BA48232532953C006AF156 /* GraphParameters.swift in Sources */,
				C3BA48272532953C006AF156 /* Person.swift in Sources */,
				F8915D3E094D7EAFDA397AE2 /* TabBarModuleViewController.swift in Sources */,
				C3BA48182532953C006AF156 /* CalculatorService.swift in Sources */,
				C3BA48102532953C006AF156 /* CarModel.swift in Sources */,
				F84F7DA92531E865005F5220 /* CarCell.swift in Sources */,
				FF7A26F7F5C88E1A47425032 /* TabBarModulePresenter.swift in Sources */,
				C3BA48242532953C006AF156 /* GraphResponse.swift in Sources */,
				C3BA48252532953C006AF156 /* Payment.swift in Sources */,
				C3BA48152532953C006AF156 /* CarBrand.swift in Sources */,
				657EA069C54925BF535260F9 /* TabBarModuleInteractor.swift in Sources */,
				F84F7D952531C888005F5220 /* MainTabWorker.swift in Sources */,
				F84F7D912531C5AC005F5220 /* FeatureCell.swift in Sources */,
				8C525C8AAF28EF54A0EE137C /* TabBarModuleRouter.swift in Sources */,
				F84F7DAC2531EDB6005F5220 /* KingfisherSource.swift in Sources */,
				F87B607E2532391700EB9536 /* CalculatorSwitcherCell.swift in Sources */,
				F88E1F722532261D006C0995 /* CalculatorViewModel.swift in Sources */,
				C3BA481C2532953C006AF156 /* Language.swift in Sources */,
				C3BA48202532953C006AF156 /* Field.swift in Sources */,
				C3BA481A2532953C006AF156 /* SpecialCondition.swift in Sources */,
				C3BA48192532953C006AF156 /* SettingsResponse.swift in Sources */,
				07FED1523D01BAED7AE2F26A /* TabBarModuleContract.swift in Sources */,
				DB3C84C1BB2721274B290AFE /* MainTabViewController.swift in Sources */,
				F88E1F69253204E4006C0995 /* UIViewExtension.swift in Sources */,
				C3BA48262532953C006AF156 /* CarLoanService.swift in Sources */,
				F88E1F6F25322489006C0995 /* UIColorExtension.swift in Sources */,
				42F8EAE4C768CC915ADE2768 /* MainTabPresenter.swift in Sources */,
				C3BA481E2532953C006AF156 /* CalcResult.swift in Sources */,
				839A580283F79329D70ADB5B /* MainTabInteractor.swift in Sources */,
				75D76757ED1203C786699F62 /* MainTabRouter.swift in Sources */,
				7EA3FD0A191DBA71AA9B8384 /* MainTabContract.swift in Sources */,
				C3BA48162532953C006AF156 /* CarBrandOnly.swift in Sources */,
				F84F7D7F2531B93D005F5220 /* PhotoTextCard.swift in Sources */,
				C3BA48282532953C006AF156 /* CarLoanParameters.swift in Sources */,
				C3BA482A2532953C006AF156 /* CarLoanResponse.swift in Sources */,
				C3BA481F2532953C006AF156 /* Ranges.swift in Sources */,
				C3BA482C2532953C006AF156 /* CarRecognitionResponse.swift in Sources */,
				F87B60862532445900EB9536 /* CalculatorInfoCell.swift in Sources */,
				C3BA482D2532953C006AF156 /* CarImage.swift in Sources */,
				C3BA481D2532953C006AF156 /* ProgramResponse.swift in Sources */,
				F87B607A253236D000EB9536 /* CalculatorSeparatorCell.swift in Sources */,
				75402D9B16E9A2E27060A34B /* CatalogueTabViewController.swift in Sources */,
				36F7044695186651F2C0DA83 /* CatalogueTabPresenter.swift in Sources */,
				57FEFD1F4612B1C165ACE7AB /* CatalogueTabInteractor.swift in Sources */,
				366325ED10DDEE0C47572702 /* CatalogueTabRouter.swift in Sources */,
				C3BA48212532953C006AF156 /* CalculateParameters.swift in Sources */,
				9DC9874A632961DF11BE8720 /* CatalogueTabContract.swift in Sources */,
				F84F7DAE2531EE7A005F5220 /* CatalogueWorker.swift in Sources */,
				F87B608225323DEB00EB9536 /* CalculatorEmptyCell.swift in Sources */,
				22CEF88AC12D5C57A0FF7BF0 /* CalculatorViewController.swift in Sources */,
				C3BA48142532953C006AF156 /* CarBody.swift in Sources */,
				C3BA48292532953C006AF156 /* CustomerParty.swift in Sources */,
				4792F67A23F636779B1D20A2 /* CalculatorPresenter.swift in Sources */,
				6D111D06C2C661C523534D08 /* CalculatorInteractor.swift in Sources */,
				C3BA48172532953C006AF156 /* CarModelModel.swift in Sources */,
				C3BA48132532953C006AF156 /* Marketplace.swift in Sources */,
				C3BA48122532953C006AF156 /* Country.swift in Sources */,
				776F72553AD0904E5677620F /* CalculatorRouter.swift in Sources */,
				D869E581998363D62079F981 /* CalculatorContract.swift in Sources */,
				C3BA482B2532953C006AF156 /* CarRecognitionService.swift in Sources */,
				F88E1F76253229C7006C0995 /* CalculatorSliderCell.swift in Sources */,
				8813AAF64CEBFE167178B88B /* CarDetailsViewController.swift in Sources */,
				8211E93DFC78EEBE9B5F3171 /* CarDetailsPresenter.swift in Sources */,
				E7C25872555C01A98859EA71 /* CarDetailsInteractor.swift in Sources */,
				79E449DB7EF459C352573D9C /* CarDetailsRouter.swift in Sources */,
				0273D237DE595BB58DCD44A8 /* CarDetailsContract.swift in Sources */,
				C3BA481B2532953C006AF156 /* SettingsParameters.swift in Sources */,
			);
			runOnlyForDeploymentPostprocessing = 0;
		};
/* End PBXSourcesBuildPhase section */

/* Begin PBXVariantGroup section */
		F84F7D882531C172005F5220 /* Localizable.strings */ = {
			isa = PBXVariantGroup;
			children = (
				F84F7D872531C172005F5220 /* en */,
			);
			name = Localizable.strings;
			sourceTree = "<group>";
		};
		F8C5940D25306EB4009FC2B7 /* LaunchScreen.storyboard */ = {
			isa = PBXVariantGroup;
			children = (
				F8C5940E25306EB4009FC2B7 /* Base */,
			);
			name = LaunchScreen.storyboard;
			sourceTree = "<group>";
		};
/* End PBXVariantGroup section */

/* Begin XCBuildConfiguration section */
		F8C5941125306EB4009FC2B7 /* Debug */ = {
			isa = XCBuildConfiguration;
			buildSettings = {
				ALWAYS_SEARCH_USER_PATHS = NO;
				CLANG_ANALYZER_NONNULL = YES;
				CLANG_ANALYZER_NUMBER_OBJECT_CONVERSION = YES_AGGRESSIVE;
				CLANG_CXX_LANGUAGE_STANDARD = "gnu++14";
				CLANG_CXX_LIBRARY = "libc++";
				CLANG_ENABLE_MODULES = YES;
				CLANG_ENABLE_OBJC_ARC = YES;
				CLANG_ENABLE_OBJC_WEAK = YES;
				CLANG_WARN_BLOCK_CAPTURE_AUTORELEASING = YES;
				CLANG_WARN_BOOL_CONVERSION = YES;
				CLANG_WARN_COMMA = YES;
				CLANG_WARN_CONSTANT_CONVERSION = YES;
				CLANG_WARN_DEPRECATED_OBJC_IMPLEMENTATIONS = YES;
				CLANG_WARN_DIRECT_OBJC_ISA_USAGE = YES_ERROR;
				CLANG_WARN_DOCUMENTATION_COMMENTS = YES;
				CLANG_WARN_EMPTY_BODY = YES;
				CLANG_WARN_ENUM_CONVERSION = YES;
				CLANG_WARN_INFINITE_RECURSION = YES;
				CLANG_WARN_INT_CONVERSION = YES;
				CLANG_WARN_NON_LITERAL_NULL_CONVERSION = YES;
				CLANG_WARN_OBJC_IMPLICIT_RETAIN_SELF = YES;
				CLANG_WARN_OBJC_LITERAL_CONVERSION = YES;
				CLANG_WARN_OBJC_ROOT_CLASS = YES_ERROR;
				CLANG_WARN_QUOTED_INCLUDE_IN_FRAMEWORK_HEADER = YES;
				CLANG_WARN_RANGE_LOOP_ANALYSIS = YES;
				CLANG_WARN_STRICT_PROTOTYPES = YES;
				CLANG_WARN_SUSPICIOUS_MOVE = YES;
				CLANG_WARN_UNGUARDED_AVAILABILITY = YES_AGGRESSIVE;
				CLANG_WARN_UNREACHABLE_CODE = YES;
				CLANG_WARN__DUPLICATE_METHOD_MATCH = YES;
				COPY_PHASE_STRIP = NO;
				DEBUG_INFORMATION_FORMAT = dwarf;
				ENABLE_STRICT_OBJC_MSGSEND = YES;
				ENABLE_TESTABILITY = YES;
				GCC_C_LANGUAGE_STANDARD = gnu11;
				GCC_DYNAMIC_NO_PIC = NO;
				GCC_NO_COMMON_BLOCKS = YES;
				GCC_OPTIMIZATION_LEVEL = 0;
				GCC_PREPROCESSOR_DEFINITIONS = (
					"DEBUG=1",
					"$(inherited)",
				);
				GCC_WARN_64_TO_32_BIT_CONVERSION = YES;
				GCC_WARN_ABOUT_RETURN_TYPE = YES_ERROR;
				GCC_WARN_UNDECLARED_SELECTOR = YES;
				GCC_WARN_UNINITIALIZED_AUTOS = YES_AGGRESSIVE;
				GCC_WARN_UNUSED_FUNCTION = YES;
				GCC_WARN_UNUSED_VARIABLE = YES;
				IPHONEOS_DEPLOYMENT_TARGET = 14.0;
				MTL_ENABLE_DEBUG_INFO = INCLUDE_SOURCE;
				MTL_FAST_MATH = YES;
				ONLY_ACTIVE_ARCH = YES;
				SDKROOT = iphoneos;
				SWIFT_ACTIVE_COMPILATION_CONDITIONS = DEBUG;
				SWIFT_OPTIMIZATION_LEVEL = "-Onone";
			};
			name = Debug;
		};
		F8C5941225306EB4009FC2B7 /* Release */ = {
			isa = XCBuildConfiguration;
			buildSettings = {
				ALWAYS_SEARCH_USER_PATHS = NO;
				CLANG_ANALYZER_NONNULL = YES;
				CLANG_ANALYZER_NUMBER_OBJECT_CONVERSION = YES_AGGRESSIVE;
				CLANG_CXX_LANGUAGE_STANDARD = "gnu++14";
				CLANG_CXX_LIBRARY = "libc++";
				CLANG_ENABLE_MODULES = YES;
				CLANG_ENABLE_OBJC_ARC = YES;
				CLANG_ENABLE_OBJC_WEAK = YES;
				CLANG_WARN_BLOCK_CAPTURE_AUTORELEASING = YES;
				CLANG_WARN_BOOL_CONVERSION = YES;
				CLANG_WARN_COMMA = YES;
				CLANG_WARN_CONSTANT_CONVERSION = YES;
				CLANG_WARN_DEPRECATED_OBJC_IMPLEMENTATIONS = YES;
				CLANG_WARN_DIRECT_OBJC_ISA_USAGE = YES_ERROR;
				CLANG_WARN_DOCUMENTATION_COMMENTS = YES;
				CLANG_WARN_EMPTY_BODY = YES;
				CLANG_WARN_ENUM_CONVERSION = YES;
				CLANG_WARN_INFINITE_RECURSION = YES;
				CLANG_WARN_INT_CONVERSION = YES;
				CLANG_WARN_NON_LITERAL_NULL_CONVERSION = YES;
				CLANG_WARN_OBJC_IMPLICIT_RETAIN_SELF = YES;
				CLANG_WARN_OBJC_LITERAL_CONVERSION = YES;
				CLANG_WARN_OBJC_ROOT_CLASS = YES_ERROR;
				CLANG_WARN_QUOTED_INCLUDE_IN_FRAMEWORK_HEADER = YES;
				CLANG_WARN_RANGE_LOOP_ANALYSIS = YES;
				CLANG_WARN_STRICT_PROTOTYPES = YES;
				CLANG_WARN_SUSPICIOUS_MOVE = YES;
				CLANG_WARN_UNGUARDED_AVAILABILITY = YES_AGGRESSIVE;
				CLANG_WARN_UNREACHABLE_CODE = YES;
				CLANG_WARN__DUPLICATE_METHOD_MATCH = YES;
				COPY_PHASE_STRIP = NO;
				DEBUG_INFORMATION_FORMAT = "dwarf-with-dsym";
				ENABLE_NS_ASSERTIONS = NO;
				ENABLE_STRICT_OBJC_MSGSEND = YES;
				GCC_C_LANGUAGE_STANDARD = gnu11;
				GCC_NO_COMMON_BLOCKS = YES;
				GCC_WARN_64_TO_32_BIT_CONVERSION = YES;
				GCC_WARN_ABOUT_RETURN_TYPE = YES_ERROR;
				GCC_WARN_UNDECLARED_SELECTOR = YES;
				GCC_WARN_UNINITIALIZED_AUTOS = YES_AGGRESSIVE;
				GCC_WARN_UNUSED_FUNCTION = YES;
				GCC_WARN_UNUSED_VARIABLE = YES;
				IPHONEOS_DEPLOYMENT_TARGET = 14.0;
				MTL_ENABLE_DEBUG_INFO = NO;
				MTL_FAST_MATH = YES;
				SDKROOT = iphoneos;
				SWIFT_COMPILATION_MODE = wholemodule;
				SWIFT_OPTIMIZATION_LEVEL = "-O";
				VALIDATE_PRODUCT = YES;
			};
			name = Release;
		};
		F8C5941425306EB4009FC2B7 /* Debug */ = {
			isa = XCBuildConfiguration;
			buildSettings = {
				ASSETCATALOG_COMPILER_APPICON_NAME = AppIcon;
				ASSETCATALOG_COMPILER_GLOBAL_ACCENT_COLOR_NAME = AccentColor;
				CODE_SIGN_STYLE = Automatic;
				FRAMEWORK_SEARCH_PATHS = (
					"$(inherited)",
					"$(PROJECT_DIR)/Carthage/Build/iOS",
				);
				INFOPLIST_FILE = CarMarket/Info.plist;
				IPHONEOS_DEPLOYMENT_TARGET = 13.0;
				LD_RUNPATH_SEARCH_PATHS = (
					"$(inherited)",
					"@executable_path/Frameworks",
				);
				PRODUCT_BUNDLE_IDENTIFIER = vtb.hackathon.CarMarket;
				PRODUCT_NAME = "$(TARGET_NAME)";
				SWIFT_VERSION = 5.0;
				TARGETED_DEVICE_FAMILY = "1,2";
			};
			name = Debug;
		};
		F8C5941525306EB4009FC2B7 /* Release */ = {
			isa = XCBuildConfiguration;
			buildSettings = {
				ASSETCATALOG_COMPILER_APPICON_NAME = AppIcon;
				ASSETCATALOG_COMPILER_GLOBAL_ACCENT_COLOR_NAME = AccentColor;
				CODE_SIGN_STYLE = Automatic;
				FRAMEWORK_SEARCH_PATHS = (
					"$(inherited)",
					"$(PROJECT_DIR)/Carthage/Build/iOS",
				);
				INFOPLIST_FILE = CarMarket/Info.plist;
				IPHONEOS_DEPLOYMENT_TARGET = 13.0;
				LD_RUNPATH_SEARCH_PATHS = (
					"$(inherited)",
					"@executable_path/Frameworks",
				);
				PRODUCT_BUNDLE_IDENTIFIER = vtb.hackathon.CarMarket;
				PRODUCT_NAME = "$(TARGET_NAME)";
				SWIFT_VERSION = 5.0;
				TARGETED_DEVICE_FAMILY = "1,2";
			};
			name = Release;
		};
/* End XCBuildConfiguration section */

/* Begin XCConfigurationList section */
		F8C593FA25306EB3009FC2B7 /* Build configuration list for PBXProject "CarMarket" */ = {
			isa = XCConfigurationList;
			buildConfigurations = (
				F8C5941125306EB4009FC2B7 /* Debug */,
				F8C5941225306EB4009FC2B7 /* Release */,
			);
			defaultConfigurationIsVisible = 0;
			defaultConfigurationName = Release;
		};
		F8C5941325306EB4009FC2B7 /* Build configuration list for PBXNativeTarget "CarMarket" */ = {
			isa = XCConfigurationList;
			buildConfigurations = (
				F8C5941425306EB4009FC2B7 /* Debug */,
				F8C5941525306EB4009FC2B7 /* Release */,
			);
			defaultConfigurationIsVisible = 0;
			defaultConfigurationName = Release;
		};
/* End XCConfigurationList section */
	};
	rootObject = F8C593F725306EB3009FC2B7 /* Project object */;
}
